# Generated by pub
# See https://dart.dev/tools/pub/glossary#lockfile
packages:
  adhara_socket_io:
    dependency: "direct main"
    description:
      name: adhara_socket_io
      url: "https://pub.dartlang.org"
    source: hosted
    version: "0.4.2+1"
  args:
    dependency: transitive
    description:
      name: args
      url: "https://pub.dartlang.org"
    source: hosted
    version: "1.6.0"
  asn1lib:
    dependency: transitive
    description:
      name: asn1lib
      url: "https://pub.dartlang.org"
    source: hosted
    version: "0.5.15"
  async:
    dependency: transitive
    description:
      name: async
      url: "https://pub.dartlang.org"
    source: hosted
    version: "2.5.0-nullsafety.1"
  boolean_selector:
    dependency: transitive
    description:
      name: boolean_selector
      url: "https://pub.dartlang.org"
    source: hosted
    version: "2.1.0-nullsafety.1"
  bottom_navigation_badge:
    dependency: "direct main"
    description:
      name: bottom_navigation_badge
      url: "https://pub.dartlang.org"
    source: hosted
    version: "1.0.3"
  bubble_tab_indicator:
    dependency: "direct main"
    description:
      name: bubble_tab_indicator
      url: "https://pub.dartlang.org"
    source: hosted
    version: "0.1.4"
  cached_network_image:
    dependency: "direct main"
    description:
      name: cached_network_image
      url: "https://pub.dartlang.org"
    source: hosted
    version: "2.0.0"
  carousel_slider:
    dependency: "direct main"
    description:
      name: carousel_slider
      url: "https://pub.dartlang.org"
    source: hosted
    version: "2.3.1"
  characters:
    dependency: transitive
    description:
      name: characters
      url: "https://pub.dartlang.org"
    source: hosted
    version: "1.1.0-nullsafety.3"
  charcode:
    dependency: transitive
    description:
      name: charcode
      url: "https://pub.dartlang.org"
    source: hosted
    version: "1.2.0-nullsafety.1"
  charts_common:
    dependency: transitive
    description:
      name: charts_common
      url: "https://pub.dartlang.org"
    source: hosted
    version: "0.9.0"
  charts_flutter:
    dependency: "direct main"
    description:
      name: charts_flutter
      url: "https://pub.dartlang.org"
    source: hosted
    version: "0.9.0"
  clock:
    dependency: transitive
    description:
      name: clock
      url: "https://pub.dartlang.org"
    source: hosted
    version: "1.1.0-nullsafety.1"
  collection:
    dependency: transitive
    description:
      name: collection
      url: "https://pub.dartlang.org"
    source: hosted
    version: "1.15.0-nullsafety.3"
  confetti:
    dependency: "direct main"
    description:
      name: confetti
      url: "https://pub.dartlang.org"
    source: hosted
    version: "0.5.4+1"
  connectivity:
    dependency: "direct main"
    description:
      name: connectivity
      url: "https://pub.dartlang.org"
    source: hosted
    version: "0.4.8+6"
  connectivity_macos:
    dependency: transitive
    description:
      name: connectivity_macos
      url: "https://pub.dartlang.org"
    source: hosted
    version: "0.1.0+3"
  connectivity_platform_interface:
    dependency: transitive
    description:
      name: connectivity_platform_interface
      url: "https://pub.dartlang.org"
    source: hosted
    version: "1.0.6"
  convert:
    dependency: transitive
    description:
      name: convert
      url: "https://pub.dartlang.org"
    source: hosted
    version: "2.1.1"
  crypto:
    dependency: transitive
    description:
      name: crypto
      url: "https://pub.dartlang.org"
    source: hosted
    version: "2.1.4"
  cupertino_icons:
    dependency: "direct main"
    description:
      name: cupertino_icons
      url: "https://pub.dartlang.org"
    source: hosted
    version: "0.1.3"
  date_format:
    dependency: "direct main"
    description:
      name: date_format
      url: "https://pub.dartlang.org"
    source: hosted
    version: "1.0.8"
  date_picker_timeline:
    dependency: "direct main"
    description:
      name: date_picker_timeline
      url: "https://pub.dartlang.org"
    source: hosted
    version: "1.2.0"
  device_info:
    dependency: "direct main"
    description:
      name: device_info
      url: "https://pub.dartlang.org"
    source: hosted
    version: "0.2.1"
  dio:
    dependency: "direct main"
    description:
      name: dio
      url: "https://pub.dartlang.org"
    source: hosted
    version: "3.0.10"
  dots_indicator:
    dependency: "direct main"
    description:
      name: dots_indicator
      url: "https://pub.dartlang.org"
    source: hosted
    version: "1.2.0"
  dotted_line:
    dependency: "direct main"
    description:
      name: dotted_line
      url: "https://pub.dartlang.org"
    source: hosted
    version: "2.0.2"
  dropdownfield:
    dependency: "direct main"
    description:
      name: dropdownfield
      url: "https://pub.dartlang.org"
    source: hosted
    version: "0.0.2"
  encrypt:
    dependency: "direct main"
    description:
      name: encrypt
      url: "https://pub.dartlang.org"
    source: hosted
    version: "2.2.0"
  event_bus:
    dependency: "direct main"
    description:
      name: event_bus
      url: "https://pub.dartlang.org"
    source: hosted
    version: "1.1.1"
  facebook_app_events:
    dependency: "direct main"
    description:
      name: facebook_app_events
      url: "https://pub.dartlang.org"
    source: hosted
    version: "0.6.0"
  fake_async:
    dependency: transitive
    description:
      name: fake_async
      url: "https://pub.dartlang.org"
    source: hosted
    version: "1.2.0-nullsafety.1"
  ffi:
    dependency: transitive
    description:
      name: ffi
      url: "https://pub.dartlang.org"
    source: hosted
    version: "0.1.3"
  file_picker:
    dependency: "direct main"
    description:
      name: file_picker
      url: "https://pub.dartlang.org"
    source: hosted
    version: "1.9.0+1"
  firebase:
    dependency: transitive
    description:
      name: firebase
      url: "https://pub.dartlang.org"
    source: hosted
    version: "7.3.0"
  firebase_analytics:
    dependency: "direct main"
    description:
      name: firebase_analytics
      url: "https://pub.dartlang.org"
    source: hosted
    version: "6.0.0"
  firebase_analytics_platform_interface:
    dependency: transitive
    description:
      name: firebase_analytics_platform_interface
      url: "https://pub.dartlang.org"
    source: hosted
    version: "1.0.3"
  firebase_analytics_web:
    dependency: transitive
    description:
      name: firebase_analytics_web
      url: "https://pub.dartlang.org"
    source: hosted
    version: "0.1.1"
  firebase_core:
    dependency: "direct main"
    description:
      name: firebase_core
      url: "https://pub.dartlang.org"
    source: hosted
    version: "0.5.0"
  firebase_core_platform_interface:
    dependency: transitive
    description:
      name: firebase_core_platform_interface
      url: "https://pub.dartlang.org"
    source: hosted
    version: "2.0.0"
  firebase_core_web:
    dependency: transitive
    description:
      name: firebase_core_web
      url: "https://pub.dartlang.org"
    source: hosted
    version: "0.2.0"
  firebase_crashlytics:
    dependency: "direct main"
    description:
      name: firebase_crashlytics
      url: "https://pub.dartlang.org"
    source: hosted
    version: "0.1.3+3"
  firebase_messaging:
    dependency: "direct main"
    description:
      name: firebase_messaging
      url: "https://pub.dartlang.org"
    source: hosted
    version: "6.0.16"
  firebase_remote_config:
    dependency: "direct main"
    description:
      name: firebase_remote_config
      url: "https://pub.dartlang.org"
    source: hosted
    version: "0.3.1+1"
  flutter:
    dependency: "direct main"
    description: flutter
    source: sdk
    version: "0.0.0"
  flutter_cache_manager:
    dependency: transitive
    description:
      name: flutter_cache_manager
      url: "https://pub.dartlang.org"
    source: hosted
    version: "1.1.3"
  flutter_datetime_picker:
    dependency: "direct main"
    description:
      name: flutter_datetime_picker
      url: "https://pub.dartlang.org"
    source: hosted
    version: "1.4.0"
  flutter_google_places:
    dependency: "direct main"
    description:
      name: flutter_google_places
      url: "https://pub.dartlang.org"
    source: hosted
    version: "0.2.3"
  flutter_holo_date_picker:
    dependency: "direct main"
    description:
      name: flutter_holo_date_picker
      url: "https://pub.dartlang.org"
    source: hosted
    version: "0.1.5"
  flutter_inappwebview:
    dependency: transitive
    description:
      name: flutter_inappwebview
      url: "https://pub.dartlang.org"
    source: hosted
    version: "4.0.0+4"
  flutter_keyboard_visibility:
    dependency: transitive
    description:
      name: flutter_keyboard_visibility
      url: "https://pub.dartlang.org"
    source: hosted
    version: "0.7.0"
  flutter_local_notifications:
    dependency: "direct main"
    description:
      name: flutter_local_notifications
      url: "https://pub.dartlang.org"
    source: hosted
    version: "1.4.4+1"
  flutter_local_notifications_platform_interface:
    dependency: transitive
    description:
      name: flutter_local_notifications_platform_interface
      url: "https://pub.dartlang.org"
    source: hosted
    version: "1.0.1"
  flutter_plugin_android_lifecycle:
    dependency: transitive
    description:
      name: flutter_plugin_android_lifecycle
      url: "https://pub.dartlang.org"
    source: hosted
    version: "1.0.8"
  flutter_rating_bar:
    dependency: "direct main"
    description:
      name: flutter_rating_bar
      url: "https://pub.dartlang.org"
    source: hosted
    version: "3.0.1+1"
  flutter_screenutil:
    dependency: "direct main"
    description:
      name: flutter_screenutil
      url: "https://pub.dartlang.org"
    source: hosted
    version: "0.6.1"
  flutter_spinkit:
    dependency: "direct main"
    description:
      name: flutter_spinkit
      url: "https://pub.dartlang.org"
    source: hosted
    version: "4.1.2+1"
  flutter_swipe_action_cell:
    dependency: "direct main"
    description:
      name: flutter_swipe_action_cell
      url: "https://pub.dartlang.org"
    source: hosted
    version: "1.0.5+1"
  flutter_test:
    dependency: "direct dev"
    description: flutter
    source: sdk
    version: "0.0.0"
  flutter_typeahead:
    dependency: "direct main"
    description:
      name: flutter_typeahead
      url: "https://pub.dartlang.org"
    source: hosted
    version: "1.8.1"
  flutter_web_plugins:
    dependency: transitive
    description: flutter
    source: sdk
    version: "0.0.0"
  flutter_webview_plugin:
    dependency: "direct main"
    description:
      name: flutter_webview_plugin
      url: "https://pub.dartlang.org"
    source: hosted
    version: "0.3.11"
  flutter_windowmanager:
    dependency: "direct main"
    description:
      name: flutter_windowmanager
      url: "https://pub.dartlang.org"
    source: hosted
    version: "0.0.2"
  fluttertoast:
    dependency: "direct main"
    description:
      name: fluttertoast
      url: "https://pub.dartlang.org"
    source: hosted
    version: "3.1.3"
  geocoder:
    dependency: "direct main"
    description:
      name: geocoder
      url: "https://pub.dartlang.org"
    source: hosted
    version: "0.2.1"
  google_maps_flutter:
    dependency: "direct main"
    description:
      name: google_maps_flutter
      url: "https://pub.dartlang.org"
    source: hosted
    version: "0.5.27+2"
  google_maps_flutter_platform_interface:
    dependency: transitive
    description:
      name: google_maps_flutter_platform_interface
      url: "https://pub.dartlang.org"
    source: hosted
    version: "1.0.2"
  google_maps_webservice:
    dependency: transitive
    description:
      name: google_maps_webservice
      url: "https://pub.dartlang.org"
    source: hosted
    version: "0.0.16"
  highlighter_coachmark:
    dependency: "direct main"
    description:
      name: highlighter_coachmark
      url: "https://pub.dartlang.org"
    source: hosted
    version: "0.0.3"
  http:
    dependency: "direct main"
    description:
      name: http
      url: "https://pub.dartlang.org"
    source: hosted
    version: "0.12.1"
  http_parser:
    dependency: transitive
    description:
      name: http_parser
      url: "https://pub.dartlang.org"
    source: hosted
    version: "3.1.4"
  image_cropper:
    dependency: "direct main"
    description:
      name: image_cropper
      url: "https://pub.dartlang.org"
    source: hosted
    version: "1.2.2"
  image_picker:
    dependency: "direct main"
    description:
      name: image_picker
      url: "https://pub.dartlang.org"
    source: hosted
    version: "0.6.7+21"
  image_picker_platform_interface:
    dependency: transitive
    description:
      name: image_picker_platform_interface
      url: "https://pub.dartlang.org"
    source: hosted
    version: "1.1.6"
  intl:
    dependency: "direct main"
    description:
      name: intl
      url: "https://pub.dartlang.org"
    source: hosted
    version: "0.16.1"
  intro_slider:
    dependency: "direct main"
    description:
      name: intro_slider
      url: "https://pub.dartlang.org"
    source: hosted
    version: "1.2.3"
  js:
    dependency: transitive
    description:
      name: js
      url: "https://pub.dartlang.org"
    source: hosted
    version: "0.6.2"
  location:
    dependency: "direct main"
    description:
      name: location
      url: "https://pub.dartlang.org"
    source: hosted
    version: "2.5.4"
  location_permissions:
    dependency: "direct main"
    description:
      name: location_permissions
      url: "https://pub.dartlang.org"
    source: hosted
    version: "2.0.5"
  logging:
    dependency: transitive
    description:
      name: logging
      url: "https://pub.dartlang.org"
    source: hosted
    version: "0.11.4"
  matcher:
    dependency: transitive
    description:
      name: matcher
      url: "https://pub.dartlang.org"
    source: hosted
    version: "0.12.10-nullsafety.1"
  meta:
    dependency: transitive
    description:
      name: meta
      url: "https://pub.dartlang.org"
    source: hosted
    version: "1.3.0-nullsafety.3"
  mime:
    dependency: transitive
    description:
      name: mime
      url: "https://pub.dartlang.org"
    source: hosted
    version: "0.9.7"
  modal_progress_hud:
    dependency: "direct main"
    description:
      name: modal_progress_hud
      url: "https://pub.dartlang.org"
    source: hosted
    version: "0.1.3"
  open_file:
    dependency: "direct main"
    description:
      name: open_file
      url: "https://pub.dartlang.org"
    source: hosted
    version: "3.0.3"
  package_info:
    dependency: "direct main"
    description:
      name: package_info
      url: "https://pub.dartlang.org"
    source: hosted
    version: "0.4.1"
  page_view_indicators:
    dependency: "direct main"
    description:
      name: page_view_indicators
      url: "https://pub.dartlang.org"
    source: hosted
    version: "1.3.1"
  path:
    dependency: "direct main"
    description:
      name: path
      url: "https://pub.dartlang.org"
    source: hosted
    version: "1.8.0-nullsafety.1"
  path_provider:
    dependency: "direct main"
    description:
      name: path_provider
      url: "https://pub.dartlang.org"
    source: hosted
    version: "1.6.9"
  path_provider_macos:
    dependency: transitive
    description:
      name: path_provider_macos
      url: "https://pub.dartlang.org"
    source: hosted
    version: "0.0.4+3"
  path_provider_platform_interface:
    dependency: transitive
    description:
      name: path_provider_platform_interface
      url: "https://pub.dartlang.org"
    source: hosted
    version: "1.0.2"
  pedantic:
    dependency: transitive
    description:
      name: pedantic
      url: "https://pub.dartlang.org"
    source: hosted
    version: "1.9.0"
  percent_indicator:
    dependency: "direct main"
    description:
      name: percent_indicator
      url: "https://pub.dartlang.org"
    source: hosted
    version: "2.1.3"
  permission:
    dependency: "direct main"
    description:
      path: "."
      ref: HEAD
      resolved-ref: "565fc45490c2325fb1cc0155319bfe68b07f3de1"
      url: "https://github.com/plunes/permission.git"
    source: git
    version: "0.1.1"
  pinput:
    dependency: "direct main"
    description:
      name: pinput
      url: "https://pub.dartlang.org"
    source: hosted
    version: "0.1.10"
  platform:
    dependency: transitive
    description:
      name: platform
      url: "https://pub.dartlang.org"
    source: hosted
    version: "2.2.1"
  platform_detect:
    dependency: transitive
    description:
      name: platform_detect
      url: "https://pub.dartlang.org"
    source: hosted
    version: "1.4.0"
  plugin_platform_interface:
    dependency: transitive
    description:
      name: plugin_platform_interface
      url: "https://pub.dartlang.org"
    source: hosted
    version: "1.0.2"
  pointycastle:
    dependency: transitive
    description:
      name: pointycastle
      url: "https://pub.dartlang.org"
    source: hosted
    version: "1.0.2"
  progress_hud_v2:
    dependency: "direct main"
    description:
      name: progress_hud_v2
      url: "https://pub.dartlang.org"
    source: hosted
    version: "2.0.0"
  pub_semver:
    dependency: transitive
    description:
      name: pub_semver
      url: "https://pub.dartlang.org"
    source: hosted
    version: "1.4.4"
  pull_to_refresh:
    dependency: "direct main"
    description:
      name: pull_to_refresh
      url: "https://pub.dartlang.org"
    source: hosted
    version: "1.5.8"
  quiver:
    dependency: transitive
    description:
      name: quiver
      url: "https://pub.dartlang.org"
    source: hosted
    version: "2.1.3"
  random_color:
    dependency: transitive
    description:
      name: random_color
      url: "https://pub.dartlang.org"
    source: hosted
    version: "1.0.5"
  readmore:
    dependency: "direct main"
    description:
      name: readmore
      url: "https://pub.dartlang.org"
    source: hosted
    version: "1.0.0"
  rxdart:
    dependency: "direct main"
    description:
      name: rxdart
      url: "https://pub.dartlang.org"
    source: hosted
    version: "0.22.6"
  scrollable_positioned_list:
    dependency: "direct main"
    description:
      name: scrollable_positioned_list
      url: "https://pub.dartlang.org"
    source: hosted
    version: "0.1.6"
  searchable_dropdown:
    dependency: "direct main"
    description:
      name: searchable_dropdown
      url: "https://pub.dartlang.org"
    source: hosted
    version: "1.1.3"
  share:
    dependency: "direct main"
    description:
      name: share
      url: "https://pub.dartlang.org"
    source: hosted
    version: "0.6.4+3"
  shared_preferences:
    dependency: "direct main"
    description:
      name: shared_preferences
      url: "https://pub.dartlang.org"
    source: hosted
    version: "0.5.7+3"
  shared_preferences_macos:
    dependency: transitive
    description:
      name: shared_preferences_macos
      url: "https://pub.dartlang.org"
    source: hosted
    version: "0.0.1+9"
  shared_preferences_platform_interface:
    dependency: transitive
    description:
      name: shared_preferences_platform_interface
      url: "https://pub.dartlang.org"
    source: hosted
    version: "1.0.4"
  shared_preferences_web:
    dependency: transitive
    description:
      name: shared_preferences_web
      url: "https://pub.dartlang.org"
    source: hosted
    version: "0.1.2+7"
  shimmer:
    dependency: "direct main"
    description:
      name: shimmer
      url: "https://pub.dartlang.org"
    source: hosted
    version: "1.1.1"
  showcaseview:
    dependency: "direct main"
    description:
      name: showcaseview
      url: "https://pub.dartlang.org"
    source: hosted
    version: "0.1.5"
  sky_engine:
    dependency: transitive
    description: flutter
    source: sdk
    version: "0.0.99"
  sliding_up_panel:
    dependency: "direct main"
    description:
      name: sliding_up_panel
      url: "https://pub.dartlang.org"
    source: hosted
    version: "1.0.2"
  sms_otp_auto_verify:
    dependency: "direct main"
    description:
      name: sms_otp_auto_verify
      url: "https://pub.dartlang.org"
    source: hosted
    version: "1.2.2"
  socket_io_client:
    dependency: "direct main"
    description:
      name: socket_io_client
      url: "https://pub.dartlang.org"
    source: hosted
    version: "0.9.11"
  socket_io_common:
    dependency: transitive
    description:
      name: socket_io_common
      url: "https://pub.dartlang.org"
    source: hosted
    version: "0.9.2"
  source_span:
    dependency: transitive
    description:
      name: source_span
      url: "https://pub.dartlang.org"
    source: hosted
    version: "1.8.0-nullsafety.2"
  sqflite:
    dependency: transitive
    description:
      name: sqflite
      url: "https://pub.dartlang.org"
    source: hosted
    version: "1.3.0+1"
  sqflite_common:
    dependency: transitive
    description:
      name: sqflite_common
      url: "https://pub.dartlang.org"
    source: hosted
    version: "1.0.1"
  stack_trace:
    dependency: transitive
    description:
      name: stack_trace
      url: "https://pub.dartlang.org"
    source: hosted
    version: "1.10.0-nullsafety.1"
  step_progress_indicator:
    dependency: "direct main"
    description:
      name: step_progress_indicator
      url: "https://pub.dartlang.org"
    source: hosted
    version: "0.2.4+7"
  stream_channel:
    dependency: transitive
    description:
      name: stream_channel
      url: "https://pub.dartlang.org"
    source: hosted
    version: "2.1.0-nullsafety.1"
  stream_transform:
    dependency: transitive
    description:
      name: stream_transform
      url: "https://pub.dartlang.org"
    source: hosted
    version: "1.2.0"
  string_scanner:
    dependency: transitive
    description:
      name: string_scanner
      url: "https://pub.dartlang.org"
    source: hosted
    version: "1.1.0-nullsafety.1"
  super_tooltip:
    dependency: "direct main"
    description:
      name: super_tooltip
      url: "https://pub.dartlang.org"
    source: hosted
    version: "0.9.0"
  syncfusion_flutter_core:
    dependency: transitive
    description:
      name: syncfusion_flutter_core
      url: "https://pub.dartlang.org"
    source: hosted
    version: "18.3.38"
  syncfusion_flutter_gauges:
    dependency: "direct main"
    description:
      name: syncfusion_flutter_gauges
      url: "https://pub.dartlang.org"
    source: hosted
    version: "18.3.38"
  synchronized:
    dependency: transitive
    description:
      name: synchronized
      url: "https://pub.dartlang.org"
    source: hosted
    version: "2.2.0"
  term_glyph:
    dependency: transitive
    description:
      name: term_glyph
      url: "https://pub.dartlang.org"
    source: hosted
    version: "1.2.0-nullsafety.1"
  test_api:
    dependency: transitive
    description:
      name: test_api
      url: "https://pub.dartlang.org"
    source: hosted
    version: "0.2.19-nullsafety.2"
  transparent_image:
    dependency: "direct main"
    description:
      name: transparent_image
      url: "https://pub.dartlang.org"
    source: hosted
    version: "0.1.0"
  typed_data:
    dependency: transitive
    description:
      name: typed_data
      url: "https://pub.dartlang.org"
    source: hosted
    version: "1.3.0-nullsafety.3"
  url_launcher:
    dependency: "direct main"
    description:
      name: url_launcher
      url: "https://pub.dartlang.org"
    source: hosted
    version: "5.4.10"
  url_launcher_macos:
    dependency: transitive
    description:
      name: url_launcher_macos
      url: "https://pub.dartlang.org"
    source: hosted
    version: "0.0.1+7"
  url_launcher_platform_interface:
    dependency: transitive
    description:
      name: url_launcher_platform_interface
      url: "https://pub.dartlang.org"
    source: hosted
    version: "1.0.7"
  url_launcher_web:
    dependency: transitive
    description:
      name: url_launcher_web
      url: "https://pub.dartlang.org"
    source: hosted
    version: "0.1.1+6"
  uuid:
    dependency: transitive
    description:
      name: uuid
      url: "https://pub.dartlang.org"
    source: hosted
    version: "2.0.4"
  vector_math:
    dependency: transitive
    description:
      name: vector_math
      url: "https://pub.dartlang.org"
    source: hosted
    version: "2.1.0-nullsafety.3"
  video_compress:
    dependency: "direct main"
    description:
      name: video_compress
      url: "https://pub.dartlang.org"
    source: hosted
    version: "2.1.1"
  visibility_detector:
    dependency: "direct main"
    description:
      name: visibility_detector
      url: "https://pub.dartlang.org"
    source: hosted
    version: "0.1.5"
  web_socket_channel:
    dependency: "direct main"
    description:
      name: web_socket_channel
      url: "https://pub.dartlang.org"
    source: hosted
    version: "1.1.0"
  webview_flutter:
    dependency: "direct main"
    description:
      name: webview_flutter
      url: "https://pub.dartlang.org"
    source: hosted
    version: "0.3.22+1"
  youtube_player_flutter:
    dependency: "direct main"
    description:
      name: youtube_player_flutter
      url: "https://pub.dartlang.org"
    source: hosted
    version: "7.0.0+7"
  zoomable_image:
    dependency: "direct main"
    description:
      name: zoomable_image
      url: "https://pub.dartlang.org"
    source: hosted
    version: "1.3.1"
sdks:
  dart: ">=2.10.0-110 <2.11.0"
  flutter: ">=1.13.8 <2.0.0"
